Microsoft Visual Studio Solution File, Format Version 12.00
# Visual Studio Version 17
VisualStudioVersion = 17.14.36221.1
MinimumVisualStudioVersion = 10.0.40219.1
Project("{2150E333-8FDC-42A3-9474-1A3956D46DE8}") = "src", "src", "{02EA681E-C7D8-13C7-8484-4AC65E1B71E8}"
EndProject
Project("{2150E333-8FDC-42A3-9474-1A3956D46DE8}") = "tests", "tests", "{88983204-B696-4A4C-89BC-93D2D5AB04EC}"
EndProject
Project("{FAE04EC0-301F-11D3-BF4B-00C04F79EFBC}") = "FCGPagamentos.API.Tests", "tests\FCGPagamentos.API.Tests\FCGPagamentos.API.Tests.csproj", "{68B5F2F9-513B-A5C7-B187-3C63BE32EBAE}"
EndProject
Project("{FAE04EC0-301F-11D3-BF4B-00C04F79EFBC}") = "FCGPagamentos.API", "src\FCGPagamentos.API\FCGPagamentos.API.csproj", "{62250898-EA1A-D116-73E7-1D5AC58E64B6}"
EndProject
Project("{FAE04EC0-301F-11D3-BF4B-00C04F79EFBC}") = "FCGPagamentos.Application", "src\FCGPagamentos.Application\FCGPagamentos.Application.csproj", "{BE015502-BEC9-D9E5-755B-B091F4A897DB}"
EndProject
Project("{FAE04EC0-301F-11D3-BF4B-00C04F79EFBC}") = "FCGPagamentos.Domain", "src\FCGPagamentos.Domain\FCGPagamentos.Domain.csproj", "{22F00616-E977-D5C8-C586-14AECB7BC572}"
EndProject
Project("{FAE04EC0-301F-11D3-BF4B-00C04F79EFBC}") = "FCGPagamentos.Infrastructure", "src\FCGPagamentos.Infrastructure\FCGPagamentos.Infrastructure.csproj", "{0A0EB332-96A7-E5A3-09C8-725DDFF974D0}"
EndProject
Global
	GlobalSection(SolutionConfigurationPlatforms) = preSolution
		Debug|Any CPU = Debug|Any CPU
		Release|Any CPU = Release|Any CPU
	EndGlobalSection
	GlobalSection(ProjectConfigurationPlatforms) = postSolution
		{68B5F2F9-513B-A5C7-B187-3C63BE32EBAE}.Debug|Any CPU.ActiveCfg = Debug|Any CPU
		{68B5F2F9-513B-A5C7-B187-3C63BE32EBAE}.Debug|Any CPU.Build.0 = Debug|Any CPU
		{68B5F2F9-513B-A5C7-B187-3C63BE32EBAE}.Release|Any CPU.ActiveCfg = Release|Any CPU
		{68B5F2F9-513B-A5C7-B187-3C63BE32EBAE}.Release|Any CPU.Build.0 = Release|Any CPU
		{62250898-EA1A-D116-73E7-1D5AC58E64B6}.Debug|Any CPU.ActiveCfg = Debug|Any CPU
		{62250898-EA1A-D116-73E7-1D5AC58E64B6}.Debug|Any CPU.Build.0 = Debug|Any CPU
		{62250898-EA1A-D116-73E7-1D5AC58E64B6}.Release|Any CPU.ActiveCfg = Release|Any CPU
		{62250898-EA1A-D116-73E7-1D5AC58E64B6}.Release|Any CPU.Build.0 = Release|Any CPU
		{BE015502-BEC9-D9E5-755B-B091F4A897DB}.Debug|Any CPU.ActiveCfg = Debug|Any CPU
		{BE015502-BEC9-D9E5-755B-B091F4A897DB}.Debug|Any CPU.Build.0 = Debug|Any CPU
		{BE015502-BEC9-D9E5-755B-B091F4A897DB}.Release|Any CPU.ActiveCfg = Release|Any CPU
		{BE015502-BEC9-D9E5-755B-B091F4A897DB}.Release|Any CPU.Build.0 = Release|Any CPU
		{22F00616-E977-D5C8-C586-14AECB7BC572}.Debug|Any CPU.ActiveCfg = Debug|Any CPU
		{22F00616-E977-D5C8-C586-14AECB7BC572}.Debug|Any CPU.Build.0 = Debug|Any CPU
		{22F00616-E977-D5C8-C586-14AECB7BC572}.Release|Any CPU.ActiveCfg = Release|Any CPU
		{22F00616-E977-D5C8-C586-14AECB7BC572}.Release|Any CPU.Build.0 = Release|Any CPU
		{0A0EB332-96A7-E5A3-09C8-725DDFF974D0}.Debug|Any CPU.ActiveCfg = Debug|Any CPU
		{0A0EB332-96A7-E5A3-09C8-725DDFF974D0}.Debug|Any CPU.Build.0 = Debug|Any CPU
		{0A0EB332-96A7-E5A3-09C8-725DDFF974D0}.Release|Any CPU.ActiveCfg = Release|Any CPU
		{0A0EB332-96A7-E5A3-09C8-725DDFF974D0}.Release|Any CPU.Build.0 = Release|Any CPU
	EndGlobalSection
	GlobalSection(SolutionProperties) = preSolution
		HideSolutionNode = FALSE
	EndGlobalSection
	GlobalSection(NestedProjects) = preSolution
		{68B5F2F9-513B-A5C7-B187-3C63BE32EBAE} = {88983204-B696-4A4C-89BC-93D2D5AB04EC}
		{62250898-EA1A-D116-73E7-1D5AC58E64B6} = {02EA681E-C7D8-13C7-8484-4AC65E1B71E8}
		{BE015502-BEC9-D9E5-755B-B091F4A897DB} = {02EA681E-C7D8-13C7-8484-4AC65E1B71E8}
		{22F00616-E977-D5C8-C586-14AECB7BC572} = {02EA681E-C7D8-13C7-8484-4AC65E1B71E8}
		{0A0EB332-96A7-E5A3-09C8-725DDFF974D0} = {02EA681E-C7D8-13C7-8484-4AC65E1B71E8}
	EndGlobalSection
	GlobalSection(ExtensibilityGlobals) = postSolution
		SolutionGuid = {27C5549B-BAE6-494B-B804-C2B623FEFE5B}
	EndGlobalSection
EndGlobal
