Microsoft Visual Studio Solution File, Format Version 12.00
# Visual Studio Version 17
VisualStudioVersion = 17.14.36221.1
MinimumVisualStudioVersion = 10.0.40219.1
Project("{FAE04EC0-301F-11D3-BF4B-00C04F79EFBC}") = "FCGPagamentos.Infrastructure", "FCGPagamentos.Infrastructure\FCGPagamentos.Infrastructure.csproj", "{CF73455E-3E61-4473-802B-14EC2E87AD2A}"
EndProject
Project("{2150E333-8FDC-42A3-9474-1A3956D46DE8}") = "src", "src", "{02EA681E-C7D8-13C7-8484-4AC65E1B71E8}"
EndProject
Project("{2150E333-8FDC-42A3-9474-1A3956D46DE8}") = "Driven", "Driven", "{B5D15BA0-C972-4557-A52D-56EBC4A027EF}"
EndProject
Project("{2150E333-8FDC-42A3-9474-1A3956D46DE8}") = "Driver", "Driver", "{0BE41FEF-DF02-439C-83E2-59288D9F5850}"
EndProject
Project("{2150E333-8FDC-42A3-9474-1A3956D46DE8}") = "adapters", "adapters", "{3DCC6DD2-36B2-4D2B-87C7-D825168A5F38}"
EndProject
Project("{2150E333-8FDC-42A3-9474-1A3956D46DE8}") = "core", "core", "{761A47F6-5976-47D5-95AC-E8FB7B783B29}"
EndProject
Project("{2150E333-8FDC-42A3-9474-1A3956D46DE8}") = "tests", "tests", "{88983204-B696-4A4C-89BC-93D2D5AB04EC}"
EndProject
Project("{FAE04EC0-301F-11D3-BF4B-00C04F79EFBC}") = "FCGPagamentos.API", "FCGPagamentos.API\FCGPagamentos.API.csproj", "{5DBABCC5-8A74-4019-86A0-2A2DD9FB4621}"
EndProject
Project("{FAE04EC0-301F-11D3-BF4B-00C04F79EFBC}") = "FCGPagamentos.Application", "FCGPagamentos.Application\FCGPagamentos.Application.csproj", "{B89B1972-6BAE-41F0-29C1-07B820D4BADC}"
EndProject
Project("{FAE04EC0-301F-11D3-BF4B-00C04F79EFBC}") = "FCGPagamentos.Domain", "FCGPagamentos.Domain\FCGPagamentos.Domain.csproj", "{305B7F66-DF93-ADBC-EA33-6A0CA523525F}"
EndProject
Project("{FAE04EC0-301F-11D3-BF4B-00C04F79EFBC}") = "FCGPagamentos.API.Tests", "FCGPagamentos.API.Tests\FCGPagamentos.API.Tests.csproj", "{2B121E60-C861-48BA-504A-BEB4515DAABA}"
EndProject
Global
	GlobalSection(SolutionConfigurationPlatforms) = preSolution
		Debug|Any CPU = Debug|Any CPU
		Release|Any CPU = Release|Any CPU
	EndGlobalSection
	GlobalSection(ProjectConfigurationPlatforms) = postSolution
		{CF73455E-3E61-4473-802B-14EC2E87AD2A}.Debug|Any CPU.ActiveCfg = Debug|Any CPU
		{CF73455E-3E61-4473-802B-14EC2E87AD2A}.Debug|Any CPU.Build.0 = Debug|Any CPU
		{CF73455E-3E61-4473-802B-14EC2E87AD2A}.Release|Any CPU.ActiveCfg = Release|Any CPU
		{CF73455E-3E61-4473-802B-14EC2E87AD2A}.Release|Any CPU.Build.0 = Release|Any CPU
		{5DBABCC5-8A74-4019-86A0-2A2DD9FB4621}.Debug|Any CPU.ActiveCfg = Debug|Any CPU
		{5DBABCC5-8A74-4019-86A0-2A2DD9FB4621}.Debug|Any CPU.Build.0 = Debug|Any CPU
		{5DBABCC5-8A74-4019-86A0-2A2DD9FB4621}.Release|Any CPU.ActiveCfg = Release|Any CPU
		{5DBABCC5-8A74-4019-86A0-2A2DD9FB4621}.Release|Any CPU.Build.0 = Release|Any CPU
		{B89B1972-6BAE-41F0-29C1-07B820D4BADC}.Debug|Any CPU.ActiveCfg = Debug|Any CPU
		{B89B1972-6BAE-41F0-29C1-07B820D4BADC}.Debug|Any CPU.Build.0 = Debug|Any CPU
		{B89B1972-6BAE-41F0-29C1-07B820D4BADC}.Release|Any CPU.ActiveCfg = Release|Any CPU
		{B89B1972-6BAE-41F0-29C1-07B820D4BADC}.Release|Any CPU.Build.0 = Release|Any CPU
		{305B7F66-DF93-ADBC-EA33-6A0CA523525F}.Debug|Any CPU.ActiveCfg = Debug|Any CPU
		{305B7F66-DF93-ADBC-EA33-6A0CA523525F}.Debug|Any CPU.Build.0 = Debug|Any CPU
		{305B7F66-DF93-ADBC-EA33-6A0CA523525F}.Release|Any CPU.ActiveCfg = Release|Any CPU
		{305B7F66-DF93-ADBC-EA33-6A0CA523525F}.Release|Any CPU.Build.0 = Release|Any CPU
		{2B121E60-C861-48BA-504A-BEB4515DAABA}.Debug|Any CPU.ActiveCfg = Debug|Any CPU
		{2B121E60-C861-48BA-504A-BEB4515DAABA}.Debug|Any CPU.Build.0 = Debug|Any CPU
		{2B121E60-C861-48BA-504A-BEB4515DAABA}.Release|Any CPU.ActiveCfg = Release|Any CPU
		{2B121E60-C861-48BA-504A-BEB4515DAABA}.Release|Any CPU.Build.0 = Release|Any CPU
	EndGlobalSection
	GlobalSection(SolutionProperties) = preSolution
		HideSolutionNode = FALSE
	EndGlobalSection
	GlobalSection(NestedProjects) = preSolution
		{CF73455E-3E61-4473-802B-14EC2E87AD2A} = {B5D15BA0-C972-4557-A52D-56EBC4A027EF}
		{B5D15BA0-C972-4557-A52D-56EBC4A027EF} = {3DCC6DD2-36B2-4D2B-87C7-D825168A5F38}
		{0BE41FEF-DF02-439C-83E2-59288D9F5850} = {3DCC6DD2-36B2-4D2B-87C7-D825168A5F38}
		{3DCC6DD2-36B2-4D2B-87C7-D825168A5F38} = {02EA681E-C7D8-13C7-8484-4AC65E1B71E8}
		{761A47F6-5976-47D5-95AC-E8FB7B783B29} = {02EA681E-C7D8-13C7-8484-4AC65E1B71E8}
		{5DBABCC5-8A74-4019-86A0-2A2DD9FB4621} = {0BE41FEF-DF02-439C-83E2-59288D9F5850}
		{B89B1972-6BAE-41F0-29C1-07B820D4BADC} = {761A47F6-5976-47D5-95AC-E8FB7B783B29}
		{305B7F66-DF93-ADBC-EA33-6A0CA523525F} = {761A47F6-5976-47D5-95AC-E8FB7B783B29}
		{2B121E60-C861-48BA-504A-BEB4515DAABA} = {88983204-B696-4A4C-89BC-93D2D5AB04EC}
	EndGlobalSection
	GlobalSection(ExtensibilityGlobals) = postSolution
		SolutionGuid = {27C5549B-BAE6-494B-B804-C2B623FEFE5B}
	EndGlobalSection
EndGlobal
