
Microsoft Visual Studio Solution File, Format Version 12.00
# Visual Studio Version 17
VisualStudioVersion = 17.14.36221.1
MinimumVisualStudioVersion = 10.0.40219.1
Project("{2150E333-8FDC-42A3-9474-1A3956D46DE8}") = "src", "src", "{02EA681E-C7D8-13C7-8484-4AC65E1B71E8}"
EndProject
Project("{FAE04EC0-301F-11D3-BF4B-00C04F79EFBC}") = "FCGPagamentos.API", "src\FCGPagamentos.API\FCGPagamentos.API.csproj", "{62250898-EA1A-D116-73E7-1D5AC58E64B6}"
EndProject
Project("{FAE04EC0-301F-11D3-BF4B-00C04F79EFBC}") = "FCGPagamentos.Application", "src\FCGPagamentos.Application\FCGPagamentos.Application.csproj", "{BE015502-BEC9-D9E5-755B-B091F4A897DB}"
EndProject
Project("{FAE04EC0-301F-11D3-BF4B-00C04F79EFBC}") = "FCGPagamentos.Domain", "src\FCGPagamentos.Domain\FCGPagamentos.Domain.csproj", "{22F00616-E977-D5C8-C586-14AECB7BC572}"
EndProject
Project("{FAE04EC0-301F-11D3-BF4B-00C04F79EFBC}") = "FCGPagamentos.Infrastructure", "src\FCGPagamentos.Infrastructure\FCGPagamentos.Infrastructure.csproj", "{0A0EB332-96A7-E5A3-09C8-725DDFF974D0}"
EndProject
Project("{2150E333-8FDC-42A3-9474-1A3956D46DE8}") = "tests", "tests", "{0AB3BF05-4346-4AA6-1389-037BE0695223}"
EndProject
Project("{FAE04EC0-301F-11D3-BF4B-00C04F79EFBC}") = "FCGPagamentos.Tests", "tests\FCGPagamentos.Tests\FCGPagamentos.Tests.csproj", "{2B2E4EDB-382D-478E-A313-5EFC2007D65B}"
EndProject
Global
	GlobalSection(SolutionConfigurationPlatforms) = preSolution
		Debug|Any CPU = Debug|Any CPU
		Debug|x64 = Debug|x64
		Debug|x86 = Debug|x86
		Release|Any CPU = Release|Any CPU
		Release|x64 = Release|x64
		Release|x86 = Release|x86
	EndGlobalSection
	GlobalSection(ProjectConfigurationPlatforms) = postSolution
		{62250898-EA1A-D116-73E7-1D5AC58E64B6}.Debug|Any CPU.ActiveCfg = Debug|Any CPU
		{62250898-EA1A-D116-73E7-1D5AC58E64B6}.Debug|Any CPU.Build.0 = Debug|Any CPU
		{62250898-EA1A-D116-73E7-1D5AC58E64B6}.Debug|x64.ActiveCfg = Debug|Any CPU
		{62250898-EA1A-D116-73E7-1D5AC58E64B6}.Debug|x64.Build.0 = Debug|Any CPU
		{62250898-EA1A-D116-73E7-1D5AC58E64B6}.Debug|x86.ActiveCfg = Debug|Any CPU
		{62250898-EA1A-D116-73E7-1D5AC58E64B6}.Debug|x86.Build.0 = Debug|Any CPU
		{62250898-EA1A-D116-73E7-1D5AC58E64B6}.Release|Any CPU.ActiveCfg = Release|Any CPU
		{62250898-EA1A-D116-73E7-1D5AC58E64B6}.Release|Any CPU.Build.0 = Release|Any CPU
		{62250898-EA1A-D116-73E7-1D5AC58E64B6}.Release|x64.ActiveCfg = Release|Any CPU
		{62250898-EA1A-D116-73E7-1D5AC58E64B6}.Release|x64.Build.0 = Release|Any CPU
		{62250898-EA1A-D116-73E7-1D5AC58E64B6}.Release|x86.ActiveCfg = Release|Any CPU
		{62250898-EA1A-D116-73E7-1D5AC58E64B6}.Release|x86.Build.0 = Release|Any CPU
		{BE015502-BEC9-D9E5-755B-B091F4A897DB}.Debug|Any CPU.ActiveCfg = Debug|Any CPU
		{BE015502-BEC9-D9E5-755B-B091F4A897DB}.Debug|Any CPU.Build.0 = Debug|Any CPU
		{BE015502-BEC9-D9E5-755B-B091F4A897DB}.Debug|x64.ActiveCfg = Debug|Any CPU
		{BE015502-BEC9-D9E5-755B-B091F4A897DB}.Debug|x64.Build.0 = Debug|Any CPU
		{BE015502-BEC9-D9E5-755B-B091F4A897DB}.Debug|x86.ActiveCfg = Debug|Any CPU
		{BE015502-BEC9-D9E5-755B-B091F4A897DB}.Debug|x86.Build.0 = Debug|Any CPU
		{BE015502-BEC9-D9E5-755B-B091F4A897DB}.Release|Any CPU.ActiveCfg = Release|Any CPU
		{BE015502-BEC9-D9E5-755B-B091F4A897DB}.Release|Any CPU.Build.0 = Release|Any CPU
		{BE015502-BEC9-D9E5-755B-B091F4A897DB}.Release|x64.ActiveCfg = Release|Any CPU
		{BE015502-BEC9-D9E5-755B-B091F4A897DB}.Release|x64.Build.0 = Release|Any CPU
		{BE015502-BEC9-D9E5-755B-B091F4A897DB}.Release|x86.ActiveCfg = Release|Any CPU
		{BE015502-BEC9-D9E5-755B-B091F4A897DB}.Release|x86.Build.0 = Release|Any CPU
		{22F00616-E977-D5C8-C586-14AECB7BC572}.Debug|Any CPU.ActiveCfg = Debug|Any CPU
		{22F00616-E977-D5C8-C586-14AECB7BC572}.Debug|Any CPU.Build.0 = Debug|Any CPU
		{22F00616-E977-D5C8-C586-14AECB7BC572}.Debug|x64.ActiveCfg = Debug|Any CPU
		{22F00616-E977-D5C8-C586-14AECB7BC572}.Debug|x64.Build.0 = Debug|Any CPU
		{22F00616-E977-D5C8-C586-14AECB7BC572}.Debug|x86.ActiveCfg = Debug|Any CPU
		{22F00616-E977-D5C8-C586-14AECB7BC572}.Debug|x86.Build.0 = Debug|Any CPU
		{22F00616-E977-D5C8-C586-14AECB7BC572}.Release|Any CPU.ActiveCfg = Release|Any CPU
		{22F00616-E977-D5C8-C586-14AECB7BC572}.Release|Any CPU.Build.0 = Release|Any CPU
		{22F00616-E977-D5C8-C586-14AECB7BC572}.Release|x64.ActiveCfg = Release|Any CPU
		{22F00616-E977-D5C8-C586-14AECB7BC572}.Release|x64.Build.0 = Release|Any CPU
		{22F00616-E977-D5C8-C586-14AECB7BC572}.Release|x86.ActiveCfg = Release|Any CPU
		{22F00616-E977-D5C8-C586-14AECB7BC572}.Release|x86.Build.0 = Release|Any CPU
		{0A0EB332-96A7-E5A3-09C8-725DDFF974D0}.Debug|Any CPU.ActiveCfg = Debug|Any CPU
		{0A0EB332-96A7-E5A3-09C8-725DDFF974D0}.Debug|Any CPU.Build.0 = Debug|Any CPU
		{0A0EB332-96A7-E5A3-09C8-725DDFF974D0}.Debug|x64.ActiveCfg = Debug|Any CPU
		{0A0EB332-96A7-E5A3-09C8-725DDFF974D0}.Debug|x64.Build.0 = Debug|Any CPU
		{0A0EB332-96A7-E5A3-09C8-725DDFF974D0}.Debug|x86.ActiveCfg = Debug|Any CPU
		{0A0EB332-96A7-E5A3-09C8-725DDFF974D0}.Debug|x86.Build.0 = Debug|Any CPU
		{0A0EB332-96A7-E5A3-09C8-725DDFF974D0}.Release|Any CPU.ActiveCfg = Release|Any CPU
		{0A0EB332-96A7-E5A3-09C8-725DDFF974D0}.Release|Any CPU.Build.0 = Release|Any CPU
		{0A0EB332-96A7-E5A3-09C8-725DDFF974D0}.Release|x64.ActiveCfg = Release|Any CPU
		{0A0EB332-96A7-E5A3-09C8-725DDFF974D0}.Release|x64.Build.0 = Release|Any CPU
		{0A0EB332-96A7-E5A3-09C8-725DDFF974D0}.Release|x86.ActiveCfg = Release|Any CPU
		{0A0EB332-96A7-E5A3-09C8-725DDFF974D0}.Release|x86.Build.0 = Release|Any CPU
		{2B2E4EDB-382D-478E-A313-5EFC2007D65B}.Debug|Any CPU.ActiveCfg = Debug|Any CPU
		{2B2E4EDB-382D-478E-A313-5EFC2007D65B}.Debug|Any CPU.Build.0 = Debug|Any CPU
		{2B2E4EDB-382D-478E-A313-5EFC2007D65B}.Debug|x64.ActiveCfg = Debug|Any CPU
		{2B2E4EDB-382D-478E-A313-5EFC2007D65B}.Debug|x64.Build.0 = Debug|Any CPU
		{2B2E4EDB-382D-478E-A313-5EFC2007D65B}.Debug|x86.ActiveCfg = Debug|Any CPU
		{2B2E4EDB-382D-478E-A313-5EFC2007D65B}.Debug|x86.Build.0 = Debug|Any CPU
		{2B2E4EDB-382D-478E-A313-5EFC2007D65B}.Release|Any CPU.ActiveCfg = Release|Any CPU
		{2B2E4EDB-382D-478E-A313-5EFC2007D65B}.Release|Any CPU.Build.0 = Release|Any CPU
		{2B2E4EDB-382D-478E-A313-5EFC2007D65B}.Release|x64.ActiveCfg = Release|Any CPU
		{2B2E4EDB-382D-478E-A313-5EFC2007D65B}.Release|x64.Build.0 = Release|Any CPU
		{2B2E4EDB-382D-478E-A313-5EFC2007D65B}.Release|x86.ActiveCfg = Release|Any CPU
		{2B2E4EDB-382D-478E-A313-5EFC2007D65B}.Release|x86.Build.0 = Release|Any CPU
	EndGlobalSection
	GlobalSection(SolutionProperties) = preSolution
		HideSolutionNode = FALSE
	EndGlobalSection
	GlobalSection(NestedProjects) = preSolution
		{62250898-EA1A-D116-73E7-1D5AC58E64B6} = {02EA681E-C7D8-13C7-8484-4AC65E1B71E8}
		{BE015502-BEC9-D9E5-755B-B091F4A897DB} = {02EA681E-C7D8-13C7-8484-4AC65E1B71E8}
		{22F00616-E977-D5C8-C586-14AECB7BC572} = {02EA681E-C7D8-13C7-8484-4AC65E1B71E8}
		{0A0EB332-96A7-E5A3-09C8-725DDFF974D0} = {02EA681E-C7D8-13C7-8484-4AC65E1B71E8}
		{2B2E4EDB-382D-478E-A313-5EFC2007D65B} = {0AB3BF05-4346-4AA6-1389-037BE0695223}
	EndGlobalSection
	GlobalSection(ExtensibilityGlobals) = postSolution
		SolutionGuid = {27C5549B-BAE6-494B-B804-C2B623FEFE5B}
	EndGlobalSection
EndGlobal
