
Microsoft Visual Studio Solution File, Format Version 12.00
# Visual Studio Version 17
VisualStudioVersion = 17.14.36221.1 d17.14
MinimumVisualStudioVersion = 10.0.40219.1
Project("{FAE04EC0-301F-11D3-BF4B-00C04F79EFBC}") = "FCGPagamentos.Infrastructure", "FCGPagamentos.Infrastructure\FCGPagamentos.Infrastructure.csproj", "{F467B289-1FDA-4DD1-9191-83A69EBFCF5B}"
EndProject
Project("{2150E333-8FDC-42A3-9474-1A3956D46DE8}") = "src", "src", "{02EA681E-C7D8-13C7-8484-4AC65E1B71E8}"
EndProject
Project("{2150E333-8FDC-42A3-9474-1A3956D46DE8}") = "adapters", "adapters", "{6F64BD79-B821-4204-BBBA-9D28D27D0EC8}"
EndProject
Project("{2150E333-8FDC-42A3-9474-1A3956D46DE8}") = "Driven", "Driven", "{4C51F7E7-BC97-42A6-B9CA-EF500F314014}"
EndProject
Project("{2150E333-8FDC-42A3-9474-1A3956D46DE8}") = "Driver", "Driver", "{89EDE661-F7D4-450A-AD4C-17E3A4814CA0}"
EndProject
Project("{FAE04EC0-301F-11D3-BF4B-00C04F79EFBC}") = "FCGPagamentos.API", "FCGPagamentos.API\FCGPagamentos.API.csproj", "{72F105BC-0711-4FB4-8FDD-29EB1352D67E}"
EndProject
Project("{2150E333-8FDC-42A3-9474-1A3956D46DE8}") = "core", "core", "{80847774-B44D-4AF4-A133-8A7E431D1198}"
EndProject
Project("{2150E333-8FDC-42A3-9474-1A3956D46DE8}") = "tests", "tests", "{38DFB8E9-C5BA-455A-B90F-CCC83C75E074}"
EndProject
Project("{FAE04EC0-301F-11D3-BF4B-00C04F79EFBC}") = "FCGPagamentos.API.tests", "FCGPagamentos.API.tests\FCGPagamentos.API.tests.csproj", "{611CA782-F803-4232-B47F-D2961E7D14C2}"
EndProject
Project("{FAE04EC0-301F-11D3-BF4B-00C04F79EFBC}") = "FCGPagamentos.Domain", "FCGPagamentos.Domain\FCGPagamentos.Domain.csproj", "{020DB66F-D69B-472E-B245-9ADF61E55F87}"
EndProject
Global
	GlobalSection(SolutionConfigurationPlatforms) = preSolution
		Debug|Any CPU = Debug|Any CPU
		Release|Any CPU = Release|Any CPU
	EndGlobalSection
	GlobalSection(ProjectConfigurationPlatforms) = postSolution
		{F467B289-1FDA-4DD1-9191-83A69EBFCF5B}.Debug|Any CPU.ActiveCfg = Debug|Any CPU
		{F467B289-1FDA-4DD1-9191-83A69EBFCF5B}.Debug|Any CPU.Build.0 = Debug|Any CPU
		{F467B289-1FDA-4DD1-9191-83A69EBFCF5B}.Release|Any CPU.ActiveCfg = Release|Any CPU
		{F467B289-1FDA-4DD1-9191-83A69EBFCF5B}.Release|Any CPU.Build.0 = Release|Any CPU
		{72F105BC-0711-4FB4-8FDD-29EB1352D67E}.Debug|Any CPU.ActiveCfg = Debug|Any CPU
		{72F105BC-0711-4FB4-8FDD-29EB1352D67E}.Debug|Any CPU.Build.0 = Debug|Any CPU
		{72F105BC-0711-4FB4-8FDD-29EB1352D67E}.Release|Any CPU.ActiveCfg = Release|Any CPU
		{72F105BC-0711-4FB4-8FDD-29EB1352D67E}.Release|Any CPU.Build.0 = Release|Any CPU
		{611CA782-F803-4232-B47F-D2961E7D14C2}.Debug|Any CPU.ActiveCfg = Debug|Any CPU
		{611CA782-F803-4232-B47F-D2961E7D14C2}.Debug|Any CPU.Build.0 = Debug|Any CPU
		{611CA782-F803-4232-B47F-D2961E7D14C2}.Release|Any CPU.ActiveCfg = Release|Any CPU
		{611CA782-F803-4232-B47F-D2961E7D14C2}.Release|Any CPU.Build.0 = Release|Any CPU
		{020DB66F-D69B-472E-B245-9ADF61E55F87}.Debug|Any CPU.ActiveCfg = Debug|Any CPU
		{020DB66F-D69B-472E-B245-9ADF61E55F87}.Debug|Any CPU.Build.0 = Debug|Any CPU
		{020DB66F-D69B-472E-B245-9ADF61E55F87}.Release|Any CPU.ActiveCfg = Release|Any CPU
		{020DB66F-D69B-472E-B245-9ADF61E55F87}.Release|Any CPU.Build.0 = Release|Any CPU
	EndGlobalSection
	GlobalSection(SolutionProperties) = preSolution
		HideSolutionNode = FALSE
	EndGlobalSection
	GlobalSection(NestedProjects) = preSolution
		{F467B289-1FDA-4DD1-9191-83A69EBFCF5B} = {4C51F7E7-BC97-42A6-B9CA-EF500F314014}
		{6F64BD79-B821-4204-BBBA-9D28D27D0EC8} = {02EA681E-C7D8-13C7-8484-4AC65E1B71E8}
		{4C51F7E7-BC97-42A6-B9CA-EF500F314014} = {6F64BD79-B821-4204-BBBA-9D28D27D0EC8}
		{89EDE661-F7D4-450A-AD4C-17E3A4814CA0} = {6F64BD79-B821-4204-BBBA-9D28D27D0EC8}
		{72F105BC-0711-4FB4-8FDD-29EB1352D67E} = {89EDE661-F7D4-450A-AD4C-17E3A4814CA0}
		{80847774-B44D-4AF4-A133-8A7E431D1198} = {02EA681E-C7D8-13C7-8484-4AC65E1B71E8}
		{611CA782-F803-4232-B47F-D2961E7D14C2} = {38DFB8E9-C5BA-455A-B90F-CCC83C75E074}
		{020DB66F-D69B-472E-B245-9ADF61E55F87} = {80847774-B44D-4AF4-A133-8A7E431D1198}
	EndGlobalSection
	GlobalSection(ExtensibilityGlobals) = postSolution
		SolutionGuid = {091541A2-80BB-48D4-BF99-1E59CDDF60B8}
	EndGlobalSection
EndGlobal
