
Microsoft Visual Studio Solution File, Format Version 12.00
# Visual Studio Version 17
VisualStudioVersion = 17.14.36221.1
MinimumVisualStudioVersion = 10.0.40219.1
Project("{FAE04EC0-301F-11D3-BF4B-00C04F79EFBC}") = "FCGPagamentos.Tests", "FCGPagamentos.Tests.csproj", "{D68B5C5C-506A-43F4-8E1A-7BF53CE3AEAA}"
EndProject
Project("{FAE04EC0-301F-11D3-BF4B-00C04F79EFBC}") = "FCGPagamentosFunctions", "..\FCGPagamentosFunctions\FCGPagamentosFunctions.csproj", "{03F2091E-7F1F-4BC4-9E5F-ADCCC4EC7FFE}"
EndProject
Project("{FAE04EC0-301F-11D3-BF4B-00C04F79EFBC}") = "FCGPagamentos.Core", "..\FCGPagamentos.Core\FCGPagamentos.Core.csproj", "{52AAD5F6-1C29-47CA-A19C-C98282C7D07F}"
EndProject
Project("{FAE04EC0-301F-11D3-BF4B-00C04F79EFBC}") = "FCGPagamentos.API", "..\FCGPagamentos.API\FCGPagamentos.API.csproj", "{A9B8335A-74CB-4675-AC2B-865CDCA6696A}"
EndProject
Project("{2150E333-8FDC-42A3-9474-1A3956D46DE8}") = "src", "src", "{02EA681E-C7D8-13C7-8484-4AC65E1B71E8}"
EndProject
Project("{2150E333-8FDC-42A3-9474-1A3956D46DE8}") = "tests", "tests", "{1861F5CB-0FDA-4323-9279-2B2FCC7BE8B9}"
EndProject
Project("{2150E333-8FDC-42A3-9474-1A3956D46DE8}") = "core", "core", "{8FA3BCAA-7E16-4826-AA9D-A035158C3846}"
EndProject
Project("{2150E333-8FDC-42A3-9474-1A3956D46DE8}") = "application", "application", "{548BEA47-0072-4C72-91AF-687459C31349}"
EndProject
Project("{2150E333-8FDC-42A3-9474-1A3956D46DE8}") = "infrastructure", "infrastructure", "{BADC2EE6-D872-4AF3-B420-2220EC60F606}"
EndProject
Project("{FAE04EC0-301F-11D3-BF4B-00C04F79EFBC}") = "FCGPagamentos.Infrastructure", "..\FCGPagamentos.Infrastructure\FCGPagamentos.Infrastructure.csproj", "{A73A87F9-BF7C-4F22-9328-82DDA4090706}"
EndProject
Global
	GlobalSection(SolutionConfigurationPlatforms) = preSolution
		Debug|Any CPU = Debug|Any CPU
		Release|Any CPU = Release|Any CPU
	EndGlobalSection
	GlobalSection(ProjectConfigurationPlatforms) = postSolution
		{D68B5C5C-506A-43F4-8E1A-7BF53CE3AEAA}.Debug|Any CPU.ActiveCfg = Debug|Any CPU
		{D68B5C5C-506A-43F4-8E1A-7BF53CE3AEAA}.Debug|Any CPU.Build.0 = Debug|Any CPU
		{D68B5C5C-506A-43F4-8E1A-7BF53CE3AEAA}.Release|Any CPU.ActiveCfg = Release|Any CPU
		{D68B5C5C-506A-43F4-8E1A-7BF53CE3AEAA}.Release|Any CPU.Build.0 = Release|Any CPU
		{03F2091E-7F1F-4BC4-9E5F-ADCCC4EC7FFE}.Debug|Any CPU.ActiveCfg = Debug|Any CPU
		{03F2091E-7F1F-4BC4-9E5F-ADCCC4EC7FFE}.Debug|Any CPU.Build.0 = Debug|Any CPU
		{03F2091E-7F1F-4BC4-9E5F-ADCCC4EC7FFE}.Release|Any CPU.ActiveCfg = Release|Any CPU
		{03F2091E-7F1F-4BC4-9E5F-ADCCC4EC7FFE}.Release|Any CPU.Build.0 = Release|Any CPU
		{52AAD5F6-1C29-47CA-A19C-C98282C7D07F}.Debug|Any CPU.ActiveCfg = Debug|Any CPU
		{52AAD5F6-1C29-47CA-A19C-C98282C7D07F}.Debug|Any CPU.Build.0 = Debug|Any CPU
		{52AAD5F6-1C29-47CA-A19C-C98282C7D07F}.Release|Any CPU.ActiveCfg = Release|Any CPU
		{52AAD5F6-1C29-47CA-A19C-C98282C7D07F}.Release|Any CPU.Build.0 = Release|Any CPU
		{A9B8335A-74CB-4675-AC2B-865CDCA6696A}.Debug|Any CPU.ActiveCfg = Debug|Any CPU
		{A9B8335A-74CB-4675-AC2B-865CDCA6696A}.Debug|Any CPU.Build.0 = Debug|Any CPU
		{A9B8335A-74CB-4675-AC2B-865CDCA6696A}.Release|Any CPU.ActiveCfg = Release|Any CPU
		{A9B8335A-74CB-4675-AC2B-865CDCA6696A}.Release|Any CPU.Build.0 = Release|Any CPU
		{A73A87F9-BF7C-4F22-9328-82DDA4090706}.Debug|Any CPU.ActiveCfg = Debug|Any CPU
		{A73A87F9-BF7C-4F22-9328-82DDA4090706}.Debug|Any CPU.Build.0 = Debug|Any CPU
		{A73A87F9-BF7C-4F22-9328-82DDA4090706}.Release|Any CPU.ActiveCfg = Release|Any CPU
		{A73A87F9-BF7C-4F22-9328-82DDA4090706}.Release|Any CPU.Build.0 = Release|Any CPU
	EndGlobalSection
	GlobalSection(SolutionProperties) = preSolution
		HideSolutionNode = FALSE
	EndGlobalSection
	GlobalSection(NestedProjects) = preSolution
		{D68B5C5C-506A-43F4-8E1A-7BF53CE3AEAA} = {1861F5CB-0FDA-4323-9279-2B2FCC7BE8B9}
		{03F2091E-7F1F-4BC4-9E5F-ADCCC4EC7FFE} = {02EA681E-C7D8-13C7-8484-4AC65E1B71E8}
		{52AAD5F6-1C29-47CA-A19C-C98282C7D07F} = {8FA3BCAA-7E16-4826-AA9D-A035158C3846}
		{A9B8335A-74CB-4675-AC2B-865CDCA6696A} = {548BEA47-0072-4C72-91AF-687459C31349}
		{1861F5CB-0FDA-4323-9279-2B2FCC7BE8B9} = {02EA681E-C7D8-13C7-8484-4AC65E1B71E8}
		{8FA3BCAA-7E16-4826-AA9D-A035158C3846} = {02EA681E-C7D8-13C7-8484-4AC65E1B71E8}
		{548BEA47-0072-4C72-91AF-687459C31349} = {02EA681E-C7D8-13C7-8484-4AC65E1B71E8}
		{BADC2EE6-D872-4AF3-B420-2220EC60F606} = {02EA681E-C7D8-13C7-8484-4AC65E1B71E8}
		{A73A87F9-BF7C-4F22-9328-82DDA4090706} = {BADC2EE6-D872-4AF3-B420-2220EC60F606}
	EndGlobalSection
	GlobalSection(ExtensibilityGlobals) = postSolution
		SolutionGuid = {37FE023F-CC9F-4B83-A5ED-477EE4B811F2}
	EndGlobalSection
EndGlobal
